<?xml version="1.0"?>
<CONFIG>
  <ProjectOptions>
    <Version Value="9"/>
    <PathDelim Value="\"/>
    <General>
      <Flags>
        <MainUnitHasUsesSectionForAllUnits Value="False"/>
        <MainUnitHasCreateFormStatements Value="False"/>
        <MainUnitHasTitleStatement Value="False"/>
      </Flags>
      <MainUnit Value="0"/>
      <ResourceType Value="res"/>
      <UseXPManifest Value="True"/>
      <Icon Value="0"/>
    </General>
    <i18n>
      <EnableI18N LFM="False"/>
    </i18n>
    <VersionInfo>
      <StringTable ProductVersion=""/>
    </VersionInfo>
    <BuildModes Count="1" Active="Default">
      <Item1 Name="Default" Default="True"/>
    </BuildModes>
    <PublishOptions>
      <Version Value="2"/>
      <IncludeFileFilter Value="*.(pas|pp|inc|lfm|lpr|lrs|lpi|lpk|sh|xml)"/>
      <ExcludeFileFilter Value="*.(bak|ppu|o|so);*~;backup"/>
    </PublishOptions>
    <RunParams>
      <local>
        <FormatVersion Value="1"/>
      </local>
    </RunParams>
    <RequiredPackages Count="1">
      <Item1>
        <PackageName Value="LCL"/>
      </Item1>
    </RequiredPackages>
    <Units Count="29">
      <Unit0>
        <Filename Value="unittest.dpr"/>
        <IsPartOfProject Value="True"/>
        <UnitName Value="unittest"/>
        <IsVisibleTab Value="True"/>
        <WindowIndex Value="0"/>
        <TopLine Value="6"/>
        <CursorPos X="15" Y="19"/>
        <UsageCount Value="21"/>
        <DefaultSyntaxHighlighter Value="Delphi"/>
      </Unit0>
      <Unit1>
        <Filename Value="TestBSONItem.pas"/>
        <IsPartOfProject Value="True"/>
        <UnitName Value="TestBSONItem"/>
        <WindowIndex Value="0"/>
        <TopLine Value="1"/>
        <CursorPos X="58" Y="39"/>
        <UsageCount Value="21"/>
        <DefaultSyntaxHighlighter Value="Delphi"/>
      </Unit1>
      <Unit2>
        <Filename Value="TestBSONObject.pas"/>
        <IsPartOfProject Value="True"/>
        <UnitName Value="TestBSONObject"/>
        <WindowIndex Value="0"/>
        <TopLine Value="39"/>
        <CursorPos X="42" Y="61"/>
        <UsageCount Value="21"/>
        <DefaultSyntaxHighlighter Value="Delphi"/>
      </Unit2>
      <Unit3>
        <Filename Value="TestEncoder.pas"/>
        <IsPartOfProject Value="True"/>
        <UnitName Value="TestEncoder"/>
        <WindowIndex Value="0"/>
        <TopLine Value="89"/>
        <CursorPos X="25" Y="98"/>
        <UsageCount Value="21"/>
        <DefaultSyntaxHighlighter Value="Delphi"/>
      </Unit3>
      <Unit4>
        <Filename Value="TestBsonStream.pas"/>
        <IsPartOfProject Value="True"/>
        <UnitName Value="TestBSONStream"/>
        <WindowIndex Value="0"/>
        <TopLine Value="25"/>
        <CursorPos X="6" Y="25"/>
        <UsageCount Value="21"/>
        <DefaultSyntaxHighlighter Value="Delphi"/>
      </Unit4>
      <Unit5>
        <Filename Value="TestDecoder.pas"/>
        <IsPartOfProject Value="True"/>
        <UnitName Value="TestDecoder"/>
        <WindowIndex Value="0"/>
        <TopLine Value="6"/>
        <CursorPos X="46" Y="28"/>
        <UsageCount Value="21"/>
        <DefaultSyntaxHighlighter Value="Delphi"/>
      </Unit5>
      <Unit6>
        <Filename Value="TestMongoProvider.pas"/>
        <IsPartOfProject Value="True"/>
        <UnitName Value="TestMongoProvider"/>
        <WindowIndex Value="0"/>
        <TopLine Value="43"/>
        <CursorPos X="6" Y="43"/>
        <UsageCount Value="21"/>
        <DefaultSyntaxHighlighter Value="Delphi"/>
      </Unit6>
      <Unit7>
        <Filename Value="TestMongoCollection.pas"/>
        <IsPartOfProject Value="True"/>
        <UnitName Value="TestMongoCollection"/>
        <WindowIndex Value="0"/>
        <TopLine Value="1"/>
        <CursorPos X="1" Y="1"/>
        <UsageCount Value="21"/>
        <DefaultSyntaxHighlighter Value="Delphi"/>
      </Unit7>
      <Unit8>
        <Filename Value="BaseTestCase.pas"/>
        <IsPartOfProject Value="True"/>
        <UnitName Value="BaseTestCase"/>
        <WindowIndex Value="0"/>
        <TopLine Value="1"/>
        <CursorPos X="21" Y="9"/>
        <UsageCount Value="21"/>
        <DefaultSyntaxHighlighter Value="Delphi"/>
      </Unit8>
      <Unit9>
        <Filename Value="C:\lazarus\fpc\2.4.4\source\packages\fcl-fpcunit\src\fpcunit.pp"/>
        <UnitName Value="fpcunit"/>
        <WindowIndex Value="0"/>
        <TopLine Value="57"/>
        <CursorPos X="70" Y="98"/>
        <UsageCount Value="10"/>
      </Unit9>
      <Unit10>
        <Filename Value="C:\lazarus\fpc\2.4.4\source\packages\fcl-fpcunit\src\DUnitCompatibleInterface.inc"/>
        <WindowIndex Value="0"/>
        <TopLine Value="1"/>
        <CursorPos X="39" Y="25"/>
        <UsageCount Value="10"/>
      </Unit10>
      <Unit11>
        <Filename Value="C:\lazarus\components\fpcunit\guitestrunner.pas"/>
        <ComponentName Value="GUITestRunner"/>
        <HasResources Value="True"/>
        <ResourceBaseClass Value="Form"/>
        <UnitName Value="GuiTestRunner"/>
        <TopLine Value="10"/>
        <CursorPos X="24" Y="16"/>
        <UsageCount Value="10"/>
      </Unit11>
      <Unit12>
        <Filename Value="..\src\BSONTypes.pas"/>
        <UnitName Value="BSONTypes"/>
        <TopLine Value="99"/>
        <CursorPos X="19" Y="121"/>
        <UsageCount Value="10"/>
      </Unit12>
      <Unit13>
        <Filename Value="..\src\MongoEncoder.pas"/>
        <UnitName Value="MongoEncoder"/>
        <WindowIndex Value="0"/>
        <TopLine Value="134"/>
        <CursorPos X="12" Y="157"/>
        <UsageCount Value="10"/>
      </Unit13>
      <Unit14>
        <Filename Value="..\..\..\delphi\dunit\src\TestFramework.pas"/>
        <UnitName Value="TestFramework"/>
        <WindowIndex Value="0"/>
        <TopLine Value="1913"/>
        <CursorPos X="3" Y="1915"/>
        <UsageCount Value="10"/>
        <DefaultSyntaxHighlighter Value="Delphi"/>
      </Unit14>
      <Unit15>
        <Filename Value="C:\lazarus\lcl\forms.pp"/>
        <UnitName Value="Forms"/>
        <WindowIndex Value="0"/>
        <TopLine Value="1279"/>
        <CursorPos X="15" Y="1301"/>
        <UsageCount Value="10"/>
      </Unit15>
      <Unit16>
        <Filename Value="..\src\BSONStream.pas"/>
        <UnitName Value="BSONStream"/>
        <WindowIndex Value="0"/>
        <TopLine Value="25"/>
        <CursorPos X="18" Y="50"/>
        <UsageCount Value="10"/>
      </Unit16>
      <Unit17>
        <Filename Value="C:\lazarus\fpc\2.4.4\source\rtl\inc\varianth.inc"/>
        <WindowIndex Value="0"/>
        <TopLine Value="7"/>
        <CursorPos X="10" Y="20"/>
        <UsageCount Value="10"/>
      </Unit17>
      <Unit18>
        <Filename Value="C:\lazarus\fpc\2.4.4\source\rtl\inc\variants.pp"/>
        <UnitName Value="variants"/>
        <WindowIndex Value="0"/>
        <TopLine Value="1416"/>
        <CursorPos X="25" Y="1453"/>
        <UsageCount Value="10"/>
      </Unit18>
      <Unit19>
        <Filename Value="..\src\MongoMD5.pas"/>
        <UnitName Value="MongoMD5"/>
        <WindowIndex Value="0"/>
        <TopLine Value="1"/>
        <CursorPos X="1" Y="15"/>
        <UsageCount Value="10"/>
      </Unit19>
      <Unit20>
        <Filename Value="C:\lazarus\fpc\2.4.4\source\packages\hash\src\md5.pp"/>
        <UnitName Value="md5"/>
        <WindowIndex Value="0"/>
        <TopLine Value="111"/>
        <CursorPos X="10" Y="133"/>
        <UsageCount Value="10"/>
      </Unit20>
      <Unit21>
        <Filename Value="..\src\MongoProvider.pas"/>
        <UnitName Value="MongoProvider"/>
        <WindowIndex Value="0"/>
        <TopLine Value="760"/>
        <CursorPos X="23" Y="787"/>
        <UsageCount Value="10"/>
      </Unit21>
      <Unit22>
        <Filename Value="C:\lazarus\fpc\2.4.4\source\rtl\win32\system.pp"/>
        <UnitName Value="System"/>
        <WindowIndex Value="0"/>
        <TopLine Value="317"/>
        <CursorPos X="9" Y="354"/>
        <UsageCount Value="10"/>
      </Unit22>
      <Unit23>
        <Filename Value="C:\lazarus\fpc\2.4.4\source\rtl\win32\classes.pp"/>
        <UnitName Value="Classes"/>
        <WindowIndex Value="0"/>
        <TopLine Value="13"/>
        <CursorPos X="1" Y="1"/>
        <UsageCount Value="10"/>
      </Unit23>
      <Unit24>
        <Filename Value="C:\lazarus\fpc\2.4.4\source\rtl\objpas\classes\classesh.inc"/>
        <WindowIndex Value="0"/>
        <TopLine Value="553"/>
        <CursorPos X="15" Y="575"/>
        <UsageCount Value="10"/>
      </Unit24>
      <Unit25>
        <Filename Value="C:\lazarus\fpc\2.4.4\source\rtl\objpas\classes\stringl.inc"/>
        <WindowIndex Value="0"/>
        <TopLine Value="394"/>
        <CursorPos X="64" Y="408"/>
        <UsageCount Value="10"/>
      </Unit25>
      <Unit26>
        <Filename Value="C:\lazarus\fpc\2.4.4\source\rtl\inc\systemh.inc"/>
        <WindowIndex Value="0"/>
        <TopLine Value="891"/>
        <CursorPos X="10" Y="913"/>
        <UsageCount Value="10"/>
      </Unit26>
      <Unit27>
        <Filename Value="C:\lazarus\fpc\2.4.4\source\rtl\i386\i386.inc"/>
        <WindowIndex Value="0"/>
        <TopLine Value="1114"/>
        <CursorPos X="10" Y="1136"/>
        <UsageCount Value="10"/>
      </Unit27>
      <Unit28>
        <Filename Value="TestMongoDBCursor.pas"/>
        <UnitName Value="TestMongoDBCursor"/>
        <WindowIndex Value="0"/>
        <TopLine Value="138"/>
        <CursorPos X="62" Y="148"/>
        <UsageCount Value="10"/>
        <DefaultSyntaxHighlighter Value="Delphi"/>
      </Unit28>
    </Units>
    <JumpHistory Count="0" HistoryIndex="-1"/>
  </ProjectOptions>
  <CompilerOptions>
    <Version Value="9"/>
    <PathDelim Value="\"/>
    <SearchPaths>
      <IncludeFiles Value="../\src"/>
      <OtherUnitFiles Value="../\src"/>
    </SearchPaths>
    <Parsing>
      <SyntaxOptions>
        <SyntaxMode Value="delphi"/>
      </SyntaxOptions>
    </Parsing>
    <Other>
      <CompilerPath Value="$(CompPath)"/>
    </Other>
  </CompilerOptions>
  <Debugging>
    <Watches Count="2">
      <Item1>
        <Expression Value="FBuffer.Position"/>
      </Item1>
      <Item2>
        <Expression Value="SizeOf(Int64)"/>
      </Item2>
    </Watches>
    <Exceptions Count="3" IgnoreAll="True">
      <Item1>
        <Name Value="EAbort"/>
      </Item1>
      <Item2>
        <Name Value="ECodetoolError"/>
      </Item2>
      <Item3>
        <Name Value="EFOpenError"/>
      </Item3>
    </Exceptions>
  </Debugging>
</CONFIG>
